
Microsoft Visual Studio Solution File, Format Version 12.00
# Visual Studio Version 17
VisualStudioVersion = 17.13.35828.75
MinimumVisualStudioVersion = 10.0.40219.1
Project("{2150E333-8FDC-42A3-9474-1A3956D46DE8}") = "AcademicAppointmentApi", "AcademicAppointmentApi", "{02EA681E-C7D8-13C7-8484-4AC65E1B71E8}"
EndProject
Project("{2150E333-8FDC-42A3-9474-1A3956D46DE8}") = "AkademicAppointmentAdminMvc", "AkademicAppointmentAdminMvc", "{7F236793-E096-4455-AE96-AF6BD8F90720}"
EndProject
Project("{2150E333-8FDC-42A3-9474-1A3956D46DE8}") = "AkademicAppointmentReact", "AkademicAppointmentReact", "{7AE96CEF-E831-4E08-80AE-8E5BF392A233}"
EndProject
Project("{FAE04EC0-301F-11D3-BF4B-00C04F79EFBC}") = "AcademicAppointmentApi.Presentation", "AcademicAppointmentApi\AcademicAppointmentApi.Presentation\AcademicAppointmentApi.Presentation.csproj", "{C6F8D93C-3D7E-4614-84C7-2E475D2AC7EA}"
EndProject
Project("{FAE04EC0-301F-11D3-BF4B-00C04F79EFBC}") = "AcademicAppointmentApi.EntityLayer", "AcademicAppointmentApi\AcademicAppointmentApi.Entity\AcademicAppointmentApi.EntityLayer.csproj", "{12C37E3B-47B3-456B-BB61-0B0A164DA319}"
EndProject
Project("{FAE04EC0-301F-11D3-BF4B-00C04F79EFBC}") = "AcademicAppointmentApi.DataAccessLayer", "AcademicAppointmentApi\AcademicAppointmentApi.DataAccessLayer\AcademicAppointmentApi.DataAccessLayer.csproj", "{6281E96E-B04B-45FD-8D5E-0CCFB5A4522A}"
EndProject
Project("{FAE04EC0-301F-11D3-BF4B-00C04F79EFBC}") = "AcademicAppointmentApi.BusinessLayer", "AcademicAppointmentApi\AcademicAppointmentApi.BusinessLayer\AcademicAppointmentApi.BusinessLayer.csproj", "{3F7E6564-148C-4398-8C6D-7BC8C97830D6}"
EndProject
Project("{FAE04EC0-301F-11D3-BF4B-00C04F79EFBC}") = "AcademicAppointmentAdminMvc.MvcProject", "AcademicAppointmentAdminMvc\AcademicAppointmentAdminMvc.MvcProject\AcademicAppointmentAdminMvc.MvcProject.csproj", "{B94CE315-8754-463D-B26B-E480404E0CF1}"
EndProject
Global
	GlobalSection(SolutionConfigurationPlatforms) = preSolution
		Debug|Any CPU = Debug|Any CPU
		Release|Any CPU = Release|Any CPU
	EndGlobalSection
	GlobalSection(ProjectConfigurationPlatforms) = postSolution
		{C6F8D93C-3D7E-4614-84C7-2E475D2AC7EA}.Debug|Any CPU.ActiveCfg = Debug|Any CPU
		{C6F8D93C-3D7E-4614-84C7-2E475D2AC7EA}.Debug|Any CPU.Build.0 = Debug|Any CPU
		{C6F8D93C-3D7E-4614-84C7-2E475D2AC7EA}.Release|Any CPU.ActiveCfg = Release|Any CPU
		{C6F8D93C-3D7E-4614-84C7-2E475D2AC7EA}.Release|Any CPU.Build.0 = Release|Any CPU
		{12C37E3B-47B3-456B-BB61-0B0A164DA319}.Debug|Any CPU.ActiveCfg = Debug|Any CPU
		{12C37E3B-47B3-456B-BB61-0B0A164DA319}.Debug|Any CPU.Build.0 = Debug|Any CPU
		{12C37E3B-47B3-456B-BB61-0B0A164DA319}.Release|Any CPU.ActiveCfg = Release|Any CPU
		{12C37E3B-47B3-456B-BB61-0B0A164DA319}.Release|Any CPU.Build.0 = Release|Any CPU
		{6281E96E-B04B-45FD-8D5E-0CCFB5A4522A}.Debug|Any CPU.ActiveCfg = Debug|Any CPU
		{6281E96E-B04B-45FD-8D5E-0CCFB5A4522A}.Debug|Any CPU.Build.0 = Debug|Any CPU
		{6281E96E-B04B-45FD-8D5E-0CCFB5A4522A}.Release|Any CPU.ActiveCfg = Release|Any CPU
		{6281E96E-B04B-45FD-8D5E-0CCFB5A4522A}.Release|Any CPU.Build.0 = Release|Any CPU
		{3F7E6564-148C-4398-8C6D-7BC8C97830D6}.Debug|Any CPU.ActiveCfg = Debug|Any CPU
		{3F7E6564-148C-4398-8C6D-7BC8C97830D6}.Debug|Any CPU.Build.0 = Debug|Any CPU
		{3F7E6564-148C-4398-8C6D-7BC8C97830D6}.Release|Any CPU.ActiveCfg = Release|Any CPU
		{3F7E6564-148C-4398-8C6D-7BC8C97830D6}.Release|Any CPU.Build.0 = Release|Any CPU
		{B94CE315-8754-463D-B26B-E480404E0CF1}.Debug|Any CPU.ActiveCfg = Debug|Any CPU
		{B94CE315-8754-463D-B26B-E480404E0CF1}.Debug|Any CPU.Build.0 = Debug|Any CPU
		{B94CE315-8754-463D-B26B-E480404E0CF1}.Release|Any CPU.ActiveCfg = Release|Any CPU
		{B94CE315-8754-463D-B26B-E480404E0CF1}.Release|Any CPU.Build.0 = Release|Any CPU
	EndGlobalSection
	GlobalSection(SolutionProperties) = preSolution
		HideSolutionNode = FALSE
	EndGlobalSection
	GlobalSection(NestedProjects) = preSolution
		{C6F8D93C-3D7E-4614-84C7-2E475D2AC7EA} = {02EA681E-C7D8-13C7-8484-4AC65E1B71E8}
		{12C37E3B-47B3-456B-BB61-0B0A164DA319} = {02EA681E-C7D8-13C7-8484-4AC65E1B71E8}
		{6281E96E-B04B-45FD-8D5E-0CCFB5A4522A} = {02EA681E-C7D8-13C7-8484-4AC65E1B71E8}
		{3F7E6564-148C-4398-8C6D-7BC8C97830D6} = {02EA681E-C7D8-13C7-8484-4AC65E1B71E8}
		{B94CE315-8754-463D-B26B-E480404E0CF1} = {7F236793-E096-4455-AE96-AF6BD8F90720}
	EndGlobalSection
	GlobalSection(ExtensibilityGlobals) = postSolution
		SolutionGuid = {13D56716-92BB-4480-A6D1-7AC02A049084}
	EndGlobalSection
EndGlobal
